
Microsoft Visual Studio Solution File, Format Version 12.00
# Visual Studio Version 16
VisualStudioVersion = 16.0.30011.22
MinimumVisualStudioVersion = 10.0.40219.1
Project("{FAE04EC0-301F-11D3-BF4B-00C04F79EFBC}") = "BinarySearch", "BinarySearch\BinarySearch.csproj", "{41D66612-5CC7-4B8D-8983-E8FB14CF486E}"
EndProject
Global
	GlobalSection(SolutionConfigurationPlatforms) = preSolution
		Debug|Any CPU = Debug|Any CPU
		Release|Any CPU = Release|Any CPU
	EndGlobalSection
	GlobalSection(ProjectConfigurationPlatforms) = postSolution
		{41D66612-5CC7-4B8D-8983-E8FB14CF486E}.Debug|Any CPU.ActiveCfg = Debug|Any CPU
		{41D66612-5CC7-4B8D-8983-E8FB14CF486E}.Debug|Any CPU.Build.0 = Debug|Any CPU
		{41D66612-5CC7-4B8D-8983-E8FB14CF486E}.Release|Any CPU.ActiveCfg = Release|Any CPU
		{41D66612-5CC7-4B8D-8983-E8FB14CF486E}.Release|Any CPU.Build.0 = Release|Any CPU
	EndGlobalSection
	GlobalSection(SolutionProperties) = preSolution
		HideSolutionNode = FALSE
	EndGlobalSection
	GlobalSection(ExtensibilityGlobals) = postSolution
		SolutionGuid = {7C249044-1E07-4609-B3A7-16616A303532}
	EndGlobalSection
EndGlobal
